
Microsoft Visual Studio Solution File, Format Version 12.00
# Visual Studio 15
VisualStudioVersion = 15.0.28307.421
MinimumVisualStudioVersion = 10.0.40219.1
Project("{FAE04EC0-301F-11D3-BF4B-00C04F79EFBC}") = "SnakyBeaky.AspNetCore.Middleware", "SnakyBeaky.AspNetCore.Middleware\SnakyBeaky.AspNetCore.Middleware.csproj", "{3A8D0332-EE08-469C-8A54-3EA0DC80D962}"
EndProject
Global
	GlobalSection(SolutionConfigurationPlatforms) = preSolution
		Debug|Any CPU = Debug|Any CPU
		Release|Any CPU = Release|Any CPU
	EndGlobalSection
	GlobalSection(ProjectConfigurationPlatforms) = postSolution
		{3A8D0332-EE08-469C-8A54-3EA0DC80D962}.Debug|Any CPU.ActiveCfg = Debug|Any CPU
		{3A8D0332-EE08-469C-8A54-3EA0DC80D962}.Debug|Any CPU.Build.0 = Debug|Any CPU
		{3A8D0332-EE08-469C-8A54-3EA0DC80D962}.Release|Any CPU.ActiveCfg = Release|Any CPU
		{3A8D0332-EE08-469C-8A54-3EA0DC80D962}.Release|Any CPU.Build.0 = Release|Any CPU
	EndGlobalSection
	GlobalSection(SolutionProperties) = preSolution
		HideSolutionNode = FALSE
	EndGlobalSection
	GlobalSection(ExtensibilityGlobals) = postSolution
		SolutionGuid = {A031ACF6-F398-4A4B-BCDE-B52928DBDD54}
	EndGlobalSection
EndGlobal
